
Microsoft Visual Studio Solution File, Format Version 12.00
# Visual Studio Version 17
VisualStudioVersion = 17.3.32922.545
MinimumVisualStudioVersion = 10.0.40219.1
Project("{FAE04EC0-301F-11D3-BF4B-00C04F79EFBC}") = "Fake.API", "Fake.API\Fake.API.csproj", "{A77BFEDA-0923-49D5-97E9-7A2E1FD739EE}"
EndProject
Global
	GlobalSection(SolutionConfigurationPlatforms) = preSolution
		Debug|Any CPU = Debug|Any CPU
		Release|Any CPU = Release|Any CPU
	EndGlobalSection
	GlobalSection(ProjectConfigurationPlatforms) = postSolution
		{A77BFEDA-0923-49D5-97E9-7A2E1FD739EE}.Debug|Any CPU.ActiveCfg = Debug|Any CPU
		{A77BFEDA-0923-49D5-97E9-7A2E1FD739EE}.Debug|Any CPU.Build.0 = Debug|Any CPU
		{A77BFEDA-0923-49D5-97E9-7A2E1FD739EE}.Release|Any CPU.ActiveCfg = Release|Any CPU
		{A77BFEDA-0923-49D5-97E9-7A2E1FD739EE}.Release|Any CPU.Build.0 = Release|Any CPU
	EndGlobalSection
	GlobalSection(SolutionProperties) = preSolution
		HideSolutionNode = FALSE
	EndGlobalSection
	GlobalSection(ExtensibilityGlobals) = postSolution
		SolutionGuid = {2A71E7F3-FCC1-4EAF-BCFA-001B5DA9E432}
	EndGlobalSection
EndGlobal
